{
  "version": 4,
  "terraform_version": "0.14.8",
  "serial": 23,
  "lineage": "28c9e7a5-ec81-26e6-084f-f3e5adebc9e3",
  "outputs": {
    "public_dns": {
      "value": "ec2-3-238-39-178.compute-1.amazonaws.com",
      "type": "string"
    },
    "public_ip": {
      "value": "3.238.39.178",
      "type": "string"
    }
  },
  "resources": [
    {
      "module": "module.keypair",
      "mode": "managed",
      "type": "aws_key_pair",
      "name": "generated",
      "provider": "provider[\"registry.terraform.io/hashicorp/aws\"]",
      "instances": [
        {
          "schema_version": 1,
          "attributes": {
            "arn": "arn:aws:ec2:us-east-1:508140242758:key-pair/terraform-nyl-camel-key",
            "fingerprint": "ae:02:8a:3e:25:33:44:ff:99:88:16:dc:08:4f:7d:86",
            "id": "terraform-nyl-camel-key",
            "key_name": "terraform-nyl-camel-key",
            "key_name_prefix": null,
            "key_pair_id": "key-0f2ed6c7d98b3c69e",
            "public_key": "ssh-rsa AAAAB3NzaC1yc2EAAAADAQABAAABAQDao2c00chZn/CUzrSlQ9Xz1SrZ3UTSW2WUrj9lziD5nfLK7rgy5oe1/uMQnV0FatjiYQQfAZ1yDshFRp3U95ghrQSQQjGKMPfU5Fvs1kHxZpi0tMsG3KPt7nrb1Rzd/kxRYso47LjLP4lvNKp6xg9qmHAjXugisqKQyzzKILGYp5ZOr0q2kM/k5l+4gU1r4hj6ImAS88xZzFrKVmCpWvEjpDL1UkLapOAWkWOH6AHGq17nHX+wzyOA+9pkPFq06vJeN/8VFO14+AGrOA2yNTawYfYHLyjLWQ/ZHyWutB6ctiYfYPHW/HvAgf7ibEEMZl5D7YDTqDBfvYhl894MMbX7",
            "tags": {}
          },
          "sensitive_attributes": [],
          "private": "eyJzY2hlbWFfdmVyc2lvbiI6IjEifQ==",
          "dependencies": [
            "module.keypair.tls_private_key.generated"
          ]
        }
      ]
    },
    {
      "module": "module.keypair",
      "mode": "managed",
      "type": "local_file",
      "name": "private_key_pem",
      "provider": "provider[\"registry.terraform.io/hashicorp/local\"]",
      "instances": [
        {
          "index_key": 0,
          "schema_version": 0,
          "attributes": {
            "content": "-----BEGIN RSA PRIVATE KEY-----\nMIIEowIBAAKCAQEA2qNnNNHIWZ/wlM60pUPV89Uq2d1E0ltllK4/Zc4g+Z3yyu64\nMuaHtf7jEJ1dBWrY4mEEHwGdcg7IRUad1PeYIa0EkEIxijD31ORb7NZB8WaYtLTL\nBtyj7e5629Uc3f5MUWLKOOy4yz+JbzSqesYPaphwI17oIrKikMs8yiCxmKeWTq9K\ntpDP5OZfuIFNa+IY+iJgEvPMWcxaylZgqVrxI6Qy9VJC2qTgFpFjh+gBxqte5x1/\nsM8jgPvaZDxatOryXjf/FRTtePgBqzgNsjU2sGH2By8oy1kP2R8lrrQenLYmH2Dx\n1vx7wIH+4mxBDGZeQ+2A06gwX72IZfPeDDG1+wIDAQABAoIBAQCI4WBN20C5i76N\nC1RhWzTpsP1g5HyfzgSsruKWFBTk8hP9JLNBer5gHLF/x2VjbN9X6zEvUE2ICOUt\nKebKXDBsdOu0fRySzdF7AXTjs8gZIAheqgmpxB0FaxaT5rpp6TlSgqzkMqAG70JV\n0v0gXDtumv0px9NBVeEdEYB/czR8wtbCa9fe6hYSpMhcaU2AZpOVyuRpDwiAf89J\nWxqtKl+dVMrex8v/8j3EDyfJ+b1n4B6bPY1OHInYG3vmsNfgq4CfjEeiMEhztfmz\nNItGukA8vJlZrV9YHxJnU5uuDkDIlclXUxV9yUNqvU0fVlDH/wAKKYE5ZtmF2o+w\nLMPB6O6hAoGBAOpvdSsLpkSFXIVApyTh8LTczXdspW7iwI4x9b3OHwN2cQ5fu6/X\ndKyovzgJtyCTFyk49Z9yadn2pxGDZ/Mn8rj+y0K5I7tKngtFVlDIcoLqnObXm31+\nUfTpjmjOZhbPB8t6b0qtkL+6ssafQs06ih54Cz1JgRw8ummUmdgKGtx5AoGBAO6/\n86RvnigDcMcIC5ykbBTcNwiYaIkeS7qRmWBhfFBCisEhyCwQo4fVNqle6OtGMAcj\niqqM0zmDgnGwS6WsK5DXeffhJwzLhIS47QQCOMHHqUsxrmRgEU87P5uPayAhskkK\n3ftDPAiRHexzTuNAnCViYSabwnUURjvJ5ijOleETAoGAIBRwbBuD/QxixLk8Jgfk\n8FrmotjzKmFNCCg+AGMcS1UB0322KTHKfXX59Kkfrg1yteldcxws7+6YngTlTJjC\n1h3HorHC+fYT+mbakONdCB0iq1QFqv6GKIVtP1o/Dg/2eRmf8RAfJp1dqWBRu9Ou\n4sx6fUB5smt89sWm57E6S8ECgYBJnvVRgn3BlvYC2c9C2Uzezd1GkEDD74yollc2\najk8Qpio33Lra6IRs8SsS7EFQ9pxiRssZkqIFK53wkZBayrv+hIJRuuUvXk6uA+W\nSd0YnCnvHv3Iw/rydLGzlXESMnHYpjo3Tc9IUP9qN1BfMUA1IvYUQrmfAsZ5j1Oi\nx7ld8wKBgFtvxLw7bFr4dHA9u92K0S4mqZNm4Q6NYGth523Lwki06e/3XrdkLxbB\naiqnPimmTnPZq9nZEX3r1oyU4vRtMWUtFTIF8dZRIwmRF4drkBvtOUdSY+e9Pcis\nRdqreq/WV3Wo9qlKFCjTZLR2wicfZWDb+iAeqoPNaL3uGS6AA3hz\n-----END RSA PRIVATE KEY-----\n",
            "content_base64": null,
            "directory_permission": "0777",
            "file_permission": "0777",
            "filename": "./keys/terraform-nyl-camel-key.pem",
            "id": "107a81f3daf443852a0dd19c7bd56e58396d89c0",
            "sensitive_content": null,
            "source": null
          },
          "sensitive_attributes": [],
          "private": "bnVsbA==",
          "dependencies": [
            "module.keypair.tls_private_key.generated"
          ]
        }
      ]
    },
    {
      "module": "module.keypair",
      "mode": "managed",
      "type": "local_file",
      "name": "public_key_openssh",
      "provider": "provider[\"registry.terraform.io/hashicorp/local\"]",
      "instances": [
        {
          "index_key": 0,
          "schema_version": 0,
          "attributes": {
            "content": "ssh-rsa AAAAB3NzaC1yc2EAAAADAQABAAABAQDao2c00chZn/CUzrSlQ9Xz1SrZ3UTSW2WUrj9lziD5nfLK7rgy5oe1/uMQnV0FatjiYQQfAZ1yDshFRp3U95ghrQSQQjGKMPfU5Fvs1kHxZpi0tMsG3KPt7nrb1Rzd/kxRYso47LjLP4lvNKp6xg9qmHAjXugisqKQyzzKILGYp5ZOr0q2kM/k5l+4gU1r4hj6ImAS88xZzFrKVmCpWvEjpDL1UkLapOAWkWOH6AHGq17nHX+wzyOA+9pkPFq06vJeN/8VFO14+AGrOA2yNTawYfYHLyjLWQ/ZHyWutB6ctiYfYPHW/HvAgf7ibEEMZl5D7YDTqDBfvYhl894MMbX7\n",
            "content_base64": null,
            "directory_permission": "0777",
            "file_permission": "0777",
            "filename": "./keys/terraform-nyl-camel-key.pub",
            "id": "dfd67587bce6ed8ba4b00cd8e1e7acec838d9578",
            "sensitive_content": null,
            "source": null
          },
          "sensitive_attributes": [],
          "private": "bnVsbA==",
          "dependencies": [
            "module.keypair.tls_private_key.generated"
          ]
        }
      ]
    },
    {
      "module": "module.keypair",
      "mode": "managed",
      "type": "null_resource",
      "name": "chmod",
      "provider": "provider[\"registry.terraform.io/hashicorp/null\"]",
      "instances": [
        {
          "index_key": 0,
          "schema_version": 0,
          "attributes": {
            "id": "7390374990480055231",
            "triggers": {
              "key": "-----BEGIN RSA PRIVATE KEY-----\nMIIEowIBAAKCAQEA2qNnNNHIWZ/wlM60pUPV89Uq2d1E0ltllK4/Zc4g+Z3yyu64\nMuaHtf7jEJ1dBWrY4mEEHwGdcg7IRUad1PeYIa0EkEIxijD31ORb7NZB8WaYtLTL\nBtyj7e5629Uc3f5MUWLKOOy4yz+JbzSqesYPaphwI17oIrKikMs8yiCxmKeWTq9K\ntpDP5OZfuIFNa+IY+iJgEvPMWcxaylZgqVrxI6Qy9VJC2qTgFpFjh+gBxqte5x1/\nsM8jgPvaZDxatOryXjf/FRTtePgBqzgNsjU2sGH2By8oy1kP2R8lrrQenLYmH2Dx\n1vx7wIH+4mxBDGZeQ+2A06gwX72IZfPeDDG1+wIDAQABAoIBAQCI4WBN20C5i76N\nC1RhWzTpsP1g5HyfzgSsruKWFBTk8hP9JLNBer5gHLF/x2VjbN9X6zEvUE2ICOUt\nKebKXDBsdOu0fRySzdF7AXTjs8gZIAheqgmpxB0FaxaT5rpp6TlSgqzkMqAG70JV\n0v0gXDtumv0px9NBVeEdEYB/czR8wtbCa9fe6hYSpMhcaU2AZpOVyuRpDwiAf89J\nWxqtKl+dVMrex8v/8j3EDyfJ+b1n4B6bPY1OHInYG3vmsNfgq4CfjEeiMEhztfmz\nNItGukA8vJlZrV9YHxJnU5uuDkDIlclXUxV9yUNqvU0fVlDH/wAKKYE5ZtmF2o+w\nLMPB6O6hAoGBAOpvdSsLpkSFXIVApyTh8LTczXdspW7iwI4x9b3OHwN2cQ5fu6/X\ndKyovzgJtyCTFyk49Z9yadn2pxGDZ/Mn8rj+y0K5I7tKngtFVlDIcoLqnObXm31+\nUfTpjmjOZhbPB8t6b0qtkL+6ssafQs06ih54Cz1JgRw8ummUmdgKGtx5AoGBAO6/\n86RvnigDcMcIC5ykbBTcNwiYaIkeS7qRmWBhfFBCisEhyCwQo4fVNqle6OtGMAcj\niqqM0zmDgnGwS6WsK5DXeffhJwzLhIS47QQCOMHHqUsxrmRgEU87P5uPayAhskkK\n3ftDPAiRHexzTuNAnCViYSabwnUURjvJ5ijOleETAoGAIBRwbBuD/QxixLk8Jgfk\n8FrmotjzKmFNCCg+AGMcS1UB0322KTHKfXX59Kkfrg1yteldcxws7+6YngTlTJjC\n1h3HorHC+fYT+mbakONdCB0iq1QFqv6GKIVtP1o/Dg/2eRmf8RAfJp1dqWBRu9Ou\n4sx6fUB5smt89sWm57E6S8ECgYBJnvVRgn3BlvYC2c9C2Uzezd1GkEDD74yollc2\najk8Qpio33Lra6IRs8SsS7EFQ9pxiRssZkqIFK53wkZBayrv+hIJRuuUvXk6uA+W\nSd0YnCnvHv3Iw/rydLGzlXESMnHYpjo3Tc9IUP9qN1BfMUA1IvYUQrmfAsZ5j1Oi\nx7ld8wKBgFtvxLw7bFr4dHA9u92K0S4mqZNm4Q6NYGth523Lwki06e/3XrdkLxbB\naiqnPimmTnPZq9nZEX3r1oyU4vRtMWUtFTIF8dZRIwmRF4drkBvtOUdSY+e9Pcis\nRdqreq/WV3Wo9qlKFCjTZLR2wicfZWDb+iAeqoPNaL3uGS6AA3hz\n-----END RSA PRIVATE KEY-----\n"
            }
          },
          "sensitive_attributes": [],
          "private": "bnVsbA==",
          "dependencies": [
            "module.keypair.local_file.private_key_pem",
            "module.keypair.tls_private_key.generated"
          ]
        }
      ]
    },
    {
      "module": "module.keypair",
      "mode": "managed",
      "type": "tls_private_key",
      "name": "generated",
      "provider": "provider[\"registry.terraform.io/hashicorp/tls\"]",
      "instances": [
        {
          "schema_version": 0,
          "attributes": {
            "algorithm": "RSA",
            "ecdsa_curve": "P224",
            "id": "a469e84ea05774e56ee0674e7a61a24ba3bfe98a",
            "private_key_pem": "-----BEGIN RSA PRIVATE KEY-----\nMIIEowIBAAKCAQEA2qNnNNHIWZ/wlM60pUPV89Uq2d1E0ltllK4/Zc4g+Z3yyu64\nMuaHtf7jEJ1dBWrY4mEEHwGdcg7IRUad1PeYIa0EkEIxijD31ORb7NZB8WaYtLTL\nBtyj7e5629Uc3f5MUWLKOOy4yz+JbzSqesYPaphwI17oIrKikMs8yiCxmKeWTq9K\ntpDP5OZfuIFNa+IY+iJgEvPMWcxaylZgqVrxI6Qy9VJC2qTgFpFjh+gBxqte5x1/\nsM8jgPvaZDxatOryXjf/FRTtePgBqzgNsjU2sGH2By8oy1kP2R8lrrQenLYmH2Dx\n1vx7wIH+4mxBDGZeQ+2A06gwX72IZfPeDDG1+wIDAQABAoIBAQCI4WBN20C5i76N\nC1RhWzTpsP1g5HyfzgSsruKWFBTk8hP9JLNBer5gHLF/x2VjbN9X6zEvUE2ICOUt\nKebKXDBsdOu0fRySzdF7AXTjs8gZIAheqgmpxB0FaxaT5rpp6TlSgqzkMqAG70JV\n0v0gXDtumv0px9NBVeEdEYB/czR8wtbCa9fe6hYSpMhcaU2AZpOVyuRpDwiAf89J\nWxqtKl+dVMrex8v/8j3EDyfJ+b1n4B6bPY1OHInYG3vmsNfgq4CfjEeiMEhztfmz\nNItGukA8vJlZrV9YHxJnU5uuDkDIlclXUxV9yUNqvU0fVlDH/wAKKYE5ZtmF2o+w\nLMPB6O6hAoGBAOpvdSsLpkSFXIVApyTh8LTczXdspW7iwI4x9b3OHwN2cQ5fu6/X\ndKyovzgJtyCTFyk49Z9yadn2pxGDZ/Mn8rj+y0K5I7tKngtFVlDIcoLqnObXm31+\nUfTpjmjOZhbPB8t6b0qtkL+6ssafQs06ih54Cz1JgRw8ummUmdgKGtx5AoGBAO6/\n86RvnigDcMcIC5ykbBTcNwiYaIkeS7qRmWBhfFBCisEhyCwQo4fVNqle6OtGMAcj\niqqM0zmDgnGwS6WsK5DXeffhJwzLhIS47QQCOMHHqUsxrmRgEU87P5uPayAhskkK\n3ftDPAiRHexzTuNAnCViYSabwnUURjvJ5ijOleETAoGAIBRwbBuD/QxixLk8Jgfk\n8FrmotjzKmFNCCg+AGMcS1UB0322KTHKfXX59Kkfrg1yteldcxws7+6YngTlTJjC\n1h3HorHC+fYT+mbakONdCB0iq1QFqv6GKIVtP1o/Dg/2eRmf8RAfJp1dqWBRu9Ou\n4sx6fUB5smt89sWm57E6S8ECgYBJnvVRgn3BlvYC2c9C2Uzezd1GkEDD74yollc2\najk8Qpio33Lra6IRs8SsS7EFQ9pxiRssZkqIFK53wkZBayrv+hIJRuuUvXk6uA+W\nSd0YnCnvHv3Iw/rydLGzlXESMnHYpjo3Tc9IUP9qN1BfMUA1IvYUQrmfAsZ5j1Oi\nx7ld8wKBgFtvxLw7bFr4dHA9u92K0S4mqZNm4Q6NYGth523Lwki06e/3XrdkLxbB\naiqnPimmTnPZq9nZEX3r1oyU4vRtMWUtFTIF8dZRIwmRF4drkBvtOUdSY+e9Pcis\nRdqreq/WV3Wo9qlKFCjTZLR2wicfZWDb+iAeqoPNaL3uGS6AA3hz\n-----END RSA PRIVATE KEY-----\n",
            "public_key_fingerprint_md5": "0a:85:99:08:55:c1:d6:be:2d:7f:8e:bb:41:9f:18:34",
            "public_key_openssh": "ssh-rsa AAAAB3NzaC1yc2EAAAADAQABAAABAQDao2c00chZn/CUzrSlQ9Xz1SrZ3UTSW2WUrj9lziD5nfLK7rgy5oe1/uMQnV0FatjiYQQfAZ1yDshFRp3U95ghrQSQQjGKMPfU5Fvs1kHxZpi0tMsG3KPt7nrb1Rzd/kxRYso47LjLP4lvNKp6xg9qmHAjXugisqKQyzzKILGYp5ZOr0q2kM/k5l+4gU1r4hj6ImAS88xZzFrKVmCpWvEjpDL1UkLapOAWkWOH6AHGq17nHX+wzyOA+9pkPFq06vJeN/8VFO14+AGrOA2yNTawYfYHLyjLWQ/ZHyWutB6ctiYfYPHW/HvAgf7ibEEMZl5D7YDTqDBfvYhl894MMbX7\n",
            "public_key_pem": "-----BEGIN PUBLIC KEY-----\nMIIBIjANBgkqhkiG9w0BAQEFAAOCAQ8AMIIBCgKCAQEA2qNnNNHIWZ/wlM60pUPV\n89Uq2d1E0ltllK4/Zc4g+Z3yyu64MuaHtf7jEJ1dBWrY4mEEHwGdcg7IRUad1PeY\nIa0EkEIxijD31ORb7NZB8WaYtLTLBtyj7e5629Uc3f5MUWLKOOy4yz+JbzSqesYP\naphwI17oIrKikMs8yiCxmKeWTq9KtpDP5OZfuIFNa+IY+iJgEvPMWcxaylZgqVrx\nI6Qy9VJC2qTgFpFjh+gBxqte5x1/sM8jgPvaZDxatOryXjf/FRTtePgBqzgNsjU2\nsGH2By8oy1kP2R8lrrQenLYmH2Dx1vx7wIH+4mxBDGZeQ+2A06gwX72IZfPeDDG1\n+wIDAQAB\n-----END PUBLIC KEY-----\n",
            "rsa_bits": 2048
          },
          "sensitive_attributes": [],
          "private": "bnVsbA=="
        }
      ]
    },
    {
      "module": "module.server",
      "mode": "data",
      "type": "aws_ami",
      "name": "ubuntu",
      "provider": "provider[\"registry.terraform.io/hashicorp/aws\"]",
      "instances": [
        {
          "schema_version": 0,
          "attributes": {
            "architecture": "x86_64",
            "arn": "arn:aws:ec2:us-east-1::image/ami-00a2faa3cbd561d33",
            "block_device_mappings": [
              {
                "device_name": "/dev/sda1",
                "ebs": {
                  "delete_on_termination": "true",
                  "encrypted": "false",
                  "iops": "0",
                  "snapshot_id": "snap-03c06f7f4849db94a",
                  "throughput": "0",
                  "volume_size": "8",
                  "volume_type": "gp2"
                },
                "no_device": "",
                "virtual_name": ""
              },
              {
                "device_name": "/dev/sdb",
                "ebs": {},
                "no_device": "",
                "virtual_name": "ephemeral0"
              },
              {
                "device_name": "/dev/sdc",
                "ebs": {},
                "no_device": "",
                "virtual_name": "ephemeral1"
              }
            ],
            "creation_date": "2021-03-16T00:39:56.000Z",
            "description": "Canonical, Ubuntu, 18.04 LTS, amd64 bionic image build on 2021-03-15",
            "ena_support": true,
            "executable_users": null,
            "filter": [
              {
                "name": "name",
                "values": [
                  "ubuntu/images/hvm-ssd/ubuntu-bionic-18.04-amd64-server-*"
                ]
              }
            ],
            "hypervisor": "xen",
            "id": "ami-00a2faa3cbd561d33",
            "image_id": "ami-00a2faa3cbd561d33",
            "image_location": "099720109477/ubuntu/images/hvm-ssd/ubuntu-bionic-18.04-amd64-server-20210315.1",
            "image_owner_alias": null,
            "image_type": "machine",
            "kernel_id": null,
            "most_recent": true,
            "name": "ubuntu/images/hvm-ssd/ubuntu-bionic-18.04-amd64-server-20210315.1",
            "name_regex": null,
            "owner_id": "099720109477",
            "owners": [
              "099720109477"
            ],
            "platform": null,
            "platform_details": "Linux/UNIX",
            "product_codes": [],
            "public": true,
            "ramdisk_id": null,
            "root_device_name": "/dev/sda1",
            "root_device_type": "ebs",
            "root_snapshot_id": "snap-03c06f7f4849db94a",
            "sriov_net_support": "simple",
            "state": "available",
            "state_reason": {
              "code": "UNSET",
              "message": "UNSET"
            },
            "tags": {},
            "usage_operation": "RunInstances",
            "virtualization_type": "hvm"
          },
          "sensitive_attributes": []
        }
      ]
    },
    {
      "module": "module.server",
      "mode": "data",
      "type": "aws_ami",
      "name": "windows",
      "provider": "provider[\"registry.terraform.io/hashicorp/aws\"]",
      "instances": [
        {
          "schema_version": 0,
          "attributes": {
            "architecture": "x86_64",
            "arn": "arn:aws:ec2:us-east-1::image/ami-07817f5d0e3866d32",
            "block_device_mappings": [
              {
                "device_name": "/dev/sda1",
                "ebs": {
                  "delete_on_termination": "true",
                  "encrypted": "false",
                  "iops": "0",
                  "snapshot_id": "snap-077c337133e716bbe",
                  "throughput": "0",
                  "volume_size": "30",
                  "volume_type": "gp2"
                },
                "no_device": "",
                "virtual_name": ""
              },
              {
                "device_name": "xvdca",
                "ebs": {},
                "no_device": "",
                "virtual_name": "ephemeral0"
              },
              {
                "device_name": "xvdcb",
                "ebs": {},
                "no_device": "",
                "virtual_name": "ephemeral1"
              },
              {
                "device_name": "xvdcc",
                "ebs": {},
                "no_device": "",
                "virtual_name": "ephemeral2"
              },
              {
                "device_name": "xvdcd",
                "ebs": {},
                "no_device": "",
                "virtual_name": "ephemeral3"
              },
              {
                "device_name": "xvdce",
                "ebs": {},
                "no_device": "",
                "virtual_name": "ephemeral4"
              },
              {
                "device_name": "xvdcf",
                "ebs": {},
                "no_device": "",
                "virtual_name": "ephemeral5"
              },
              {
                "device_name": "xvdcg",
                "ebs": {},
                "no_device": "",
                "virtual_name": "ephemeral6"
              },
              {
                "device_name": "xvdch",
                "ebs": {},
                "no_device": "",
                "virtual_name": "ephemeral7"
              },
              {
                "device_name": "xvdci",
                "ebs": {},
                "no_device": "",
                "virtual_name": "ephemeral8"
              },
              {
                "device_name": "xvdcj",
                "ebs": {},
                "no_device": "",
                "virtual_name": "ephemeral9"
              },
              {
                "device_name": "xvdck",
                "ebs": {},
                "no_device": "",
                "virtual_name": "ephemeral10"
              },
              {
                "device_name": "xvdcl",
                "ebs": {},
                "no_device": "",
                "virtual_name": "ephemeral11"
              },
              {
                "device_name": "xvdcm",
                "ebs": {},
                "no_device": "",
                "virtual_name": "ephemeral12"
              },
              {
                "device_name": "xvdcn",
                "ebs": {},
                "no_device": "",
                "virtual_name": "ephemeral13"
              },
              {
                "device_name": "xvdco",
                "ebs": {},
                "no_device": "",
                "virtual_name": "ephemeral14"
              },
              {
                "device_name": "xvdcp",
                "ebs": {},
                "no_device": "",
                "virtual_name": "ephemeral15"
              },
              {
                "device_name": "xvdcq",
                "ebs": {},
                "no_device": "",
                "virtual_name": "ephemeral16"
              },
              {
                "device_name": "xvdcr",
                "ebs": {},
                "no_device": "",
                "virtual_name": "ephemeral17"
              },
              {
                "device_name": "xvdcs",
                "ebs": {},
                "no_device": "",
                "virtual_name": "ephemeral18"
              },
              {
                "device_name": "xvdct",
                "ebs": {},
                "no_device": "",
                "virtual_name": "ephemeral19"
              },
              {
                "device_name": "xvdcu",
                "ebs": {},
                "no_device": "",
                "virtual_name": "ephemeral20"
              },
              {
                "device_name": "xvdcv",
                "ebs": {},
                "no_device": "",
                "virtual_name": "ephemeral21"
              },
              {
                "device_name": "xvdcw",
                "ebs": {},
                "no_device": "",
                "virtual_name": "ephemeral22"
              },
              {
                "device_name": "xvdcx",
                "ebs": {},
                "no_device": "",
                "virtual_name": "ephemeral23"
              },
              {
                "device_name": "xvdcy",
                "ebs": {},
                "no_device": "",
                "virtual_name": "ephemeral24"
              },
              {
                "device_name": "xvdcz",
                "ebs": {},
                "no_device": "",
                "virtual_name": "ephemeral25"
              }
            ],
            "creation_date": "2021-03-11T10:45:48.000Z",
            "description": "Microsoft Windows Server 2019 with Desktop Experience Locale English AMI provided by Amazon",
            "ena_support": true,
            "executable_users": null,
            "filter": [
              {
                "name": "name",
                "values": [
                  "Windows_Server-2019-English-Full-Base-*"
                ]
              },
              {
                "name": "virtualization-type",
                "values": [
                  "hvm"
                ]
              }
            ],
            "hypervisor": "xen",
            "id": "ami-07817f5d0e3866d32",
            "image_id": "ami-07817f5d0e3866d32",
            "image_location": "amazon/Windows_Server-2019-English-Full-Base-2021.03.10",
            "image_owner_alias": "amazon",
            "image_type": "machine",
            "kernel_id": null,
            "most_recent": true,
            "name": "Windows_Server-2019-English-Full-Base-2021.03.10",
            "name_regex": null,
            "owner_id": "801119661308",
            "owners": [
              "801119661308"
            ],
            "platform": "windows",
            "platform_details": "Windows",
            "product_codes": [],
            "public": true,
            "ramdisk_id": null,
            "root_device_name": "/dev/sda1",
            "root_device_type": "ebs",
            "root_snapshot_id": "snap-077c337133e716bbe",
            "sriov_net_support": "simple",
            "state": "available",
            "state_reason": {
              "code": "UNSET",
              "message": "UNSET"
            },
            "tags": {},
            "usage_operation": "RunInstances:0002",
            "virtualization_type": "hvm"
          },
          "sensitive_attributes": []
        }
      ]
    },
    {
      "module": "module.server",
      "mode": "managed",
      "type": "aws_instance",
      "name": "web",
      "provider": "provider[\"registry.terraform.io/hashicorp/aws\"]",
      "instances": [
        {
          "schema_version": 1,
          "attributes": {
            "ami": "ami-07817f5d0e3866d32",
            "arn": "arn:aws:ec2:us-east-1:508140242758:instance/i-00ad4a0af407f64b5",
            "associate_public_ip_address": true,
            "availability_zone": "us-east-1b",
            "cpu_core_count": 1,
            "cpu_threads_per_core": 1,
            "credit_specification": [
              {
                "cpu_credits": "standard"
              }
            ],
            "disable_api_termination": false,
            "ebs_block_device": [],
            "ebs_optimized": false,
            "enclave_options": [
              {
                "enabled": false
              }
            ],
            "ephemeral_block_device": [],
            "get_password_data": false,
            "hibernation": false,
            "host_id": null,
            "iam_instance_profile": "",
            "id": "i-00ad4a0af407f64b5",
            "instance_initiated_shutdown_behavior": null,
            "instance_state": "running",
            "instance_type": "t2.micro",
            "ipv6_address_count": 0,
            "ipv6_addresses": [],
            "key_name": "terraform-nyl-camel-key",
            "metadata_options": [
              {
                "http_endpoint": "enabled",
                "http_put_response_hop_limit": 1,
                "http_tokens": "optional"
              }
            ],
            "monitoring": false,
            "network_interface": [],
            "outpost_arn": "",
            "password_data": "",
            "placement_group": "",
            "primary_network_interface_id": "eni-09e6d9610d062695f",
            "private_dns": "ip-10-1-2-210.ec2.internal",
            "private_ip": "10.1.2.210",
            "public_dns": "ec2-3-238-39-178.compute-1.amazonaws.com",
            "public_ip": "3.238.39.178",
            "root_block_device": [
              {
                "delete_on_termination": true,
                "device_name": "/dev/sda1",
                "encrypted": false,
                "iops": 100,
                "kms_key_id": "",
                "tags": {},
                "throughput": 0,
                "volume_id": "vol-04fafef83b55975fb",
                "volume_size": 30,
                "volume_type": "gp2"
              }
            ],
            "secondary_private_ips": [],
            "security_groups": [],
            "source_dest_check": true,
            "subnet_id": "subnet-0ed4f00267a2f569f",
            "tags": {
              "Environment": "Training",
              "Identity": "terraform-nyl-camel",
              "Name": "Student"
            },
            "tenancy": "default",
            "timeouts": null,
            "user_data": null,
            "user_data_base64": null,
            "volume_tags": null,
            "vpc_security_group_ids": [
              "sg-055ae0bd4eabf5e0b"
            ]
          },
          "sensitive_attributes": [],
          "private": "eyJlMmJmYjczMC1lY2FhLTExZTYtOGY4OC0zNDM2M2JjN2M0YzAiOnsiY3JlYXRlIjo2MDAwMDAwMDAwMDAsImRlbGV0ZSI6MTIwMDAwMDAwMDAwMCwidXBkYXRlIjo2MDAwMDAwMDAwMDB9LCJzY2hlbWFfdmVyc2lvbiI6IjEifQ==",
          "dependencies": [
            "module.keypair.aws_key_pair.generated",
            "module.server.data.aws_ami.ubuntu",
            "module.server.data.aws_ami.windows"
          ]
        }
      ]
    }
  ]
}
